
Microsoft Visual Studio Solution File, Format Version 12.00
# Visual Studio Version 17
VisualStudioVersion = 17.11.35312.102
MinimumVisualStudioVersion = 10.0.40219.1
Project("{FAE04EC0-301F-11D3-BF4B-00C04F79EFBC}") = "activity3", "activity3\activity3.csproj", "{0272EE4F-FE38-4674-BAB2-D8A97EE53981}"
EndProject
Global
	GlobalSection(SolutionConfigurationPlatforms) = preSolution
		Debug|Any CPU = Debug|Any CPU
		Release|Any CPU = Release|Any CPU
	EndGlobalSection
	GlobalSection(ProjectConfigurationPlatforms) = postSolution
		{0272EE4F-FE38-4674-BAB2-D8A97EE53981}.Debug|Any CPU.ActiveCfg = Debug|Any CPU
		{0272EE4F-FE38-4674-BAB2-D8A97EE53981}.Debug|Any CPU.Build.0 = Debug|Any CPU
		{0272EE4F-FE38-4674-BAB2-D8A97EE53981}.Release|Any CPU.ActiveCfg = Release|Any CPU
		{0272EE4F-FE38-4674-BAB2-D8A97EE53981}.Release|Any CPU.Build.0 = Release|Any CPU
	EndGlobalSection
	GlobalSection(SolutionProperties) = preSolution
		HideSolutionNode = FALSE
	EndGlobalSection
	GlobalSection(ExtensibilityGlobals) = postSolution
		SolutionGuid = {96F05763-A102-422A-8805-8D25C9C8949A}
	EndGlobalSection
EndGlobal
