
Microsoft Visual Studio Solution File, Format Version 12.00
# Visual Studio Version 17
VisualStudioVersion = 17.11.35312.102
MinimumVisualStudioVersion = 10.0.40219.1
Project("{FAE04EC0-301F-11D3-BF4B-00C04F79EFBC}") = "Lab5task2", "Lab5task2\Lab5task2.csproj", "{223764BD-0519-4E39-89C6-139BF5349E60}"
EndProject
Global
	GlobalSection(SolutionConfigurationPlatforms) = preSolution
		Debug|Any CPU = Debug|Any CPU
		Release|Any CPU = Release|Any CPU
	EndGlobalSection
	GlobalSection(ProjectConfigurationPlatforms) = postSolution
		{223764BD-0519-4E39-89C6-139BF5349E60}.Debug|Any CPU.ActiveCfg = Debug|Any CPU
		{223764BD-0519-4E39-89C6-139BF5349E60}.Debug|Any CPU.Build.0 = Debug|Any CPU
		{223764BD-0519-4E39-89C6-139BF5349E60}.Release|Any CPU.ActiveCfg = Release|Any CPU
		{223764BD-0519-4E39-89C6-139BF5349E60}.Release|Any CPU.Build.0 = Release|Any CPU
	EndGlobalSection
	GlobalSection(SolutionProperties) = preSolution
		HideSolutionNode = FALSE
	EndGlobalSection
	GlobalSection(ExtensibilityGlobals) = postSolution
		SolutionGuid = {42260C11-12DD-4547-B928-A1202E64EB5B}
	EndGlobalSection
EndGlobal
